
Microsoft Visual Studio Solution File, Format Version 12.00
Project("{FAE04EC0-301F-11D3-BF4B-00C04F79EFBC}") = "MoneyState.Model", "MoneyState.Model\MoneyState.Model.csproj", "{DDD9BB6C-6ECF-413B-974A-57FFEB9DDB6A}"
EndProject
Project("{FAE04EC0-301F-11D3-BF4B-00C04F79EFBC}") = "MoneyState.ViewModel", "MoneyState.ViewModel\MoneyState.ViewModel.csproj", "{741367D6-C18A-47F2-BBBE-70297FDEBD97}"
EndProject
Project("{FAE04EC0-301F-11D3-BF4B-00C04F79EFBC}") = "MoneyState.View", "MoneyState.View\MoneyState.View.csproj", "{742E40B4-6CCF-4C9F-8CBA-198BD134F584}"
EndProject
Project("{FAE04EC0-301F-11D3-BF4B-00C04F79EFBC}") = "MoneyState.Cross", "MoneyState.Cross\MoneyState.Cross\MoneyState.Cross.csproj", "{B6422099-26C5-47E2-B19D-24AEAC500886}"
EndProject
Project("{FAE04EC0-301F-11D3-BF4B-00C04F79EFBC}") = "MoneyState.Cross.Android", "MoneyState.Cross\MoneyState.Cross.Android\MoneyState.Cross.Android.csproj", "{918650CC-567D-414C-BDCC-887A3582D3B7}"
EndProject
Project("{FAE04EC0-301F-11D3-BF4B-00C04F79EFBC}") = "MoneyState.Cross.Desktop", "MoneyState.Cross\MoneyState.Cross.Desktop\MoneyState.Cross.Desktop.csproj", "{54793EC5-2AB0-41E6-8C70-4E6E9783B423}"
EndProject
Project("{FAE04EC0-301F-11D3-BF4B-00C04F79EFBC}") = "MoneyState.Cross.iOS", "MoneyState.Cross\MoneyState.Cross.iOS\MoneyState.Cross.iOS.csproj", "{C084BDF9-8989-4A44-AA29-316CA8A1B891}"
EndProject
Project("{FAE04EC0-301F-11D3-BF4B-00C04F79EFBC}") = "MoneyState.Cross.Browser", "MoneyState.Cross\MoneyState.Cross.Browser\MoneyState.Cross.Browser.csproj", "{8F5D86C9-586B-4990-929A-68C4CB3D0DB4}"
EndProject
Global
	GlobalSection(SolutionConfigurationPlatforms) = preSolution
		Debug|Any CPU = Debug|Any CPU
		Release|Any CPU = Release|Any CPU
	EndGlobalSection
	GlobalSection(ProjectConfigurationPlatforms) = postSolution
		{DDD9BB6C-6ECF-413B-974A-57FFEB9DDB6A}.Debug|Any CPU.ActiveCfg = Debug|Any CPU
		{DDD9BB6C-6ECF-413B-974A-57FFEB9DDB6A}.Debug|Any CPU.Build.0 = Debug|Any CPU
		{DDD9BB6C-6ECF-413B-974A-57FFEB9DDB6A}.Release|Any CPU.ActiveCfg = Release|Any CPU
		{DDD9BB6C-6ECF-413B-974A-57FFEB9DDB6A}.Release|Any CPU.Build.0 = Release|Any CPU
		{741367D6-C18A-47F2-BBBE-70297FDEBD97}.Debug|Any CPU.ActiveCfg = Debug|Any CPU
		{741367D6-C18A-47F2-BBBE-70297FDEBD97}.Debug|Any CPU.Build.0 = Debug|Any CPU
		{741367D6-C18A-47F2-BBBE-70297FDEBD97}.Release|Any CPU.ActiveCfg = Release|Any CPU
		{741367D6-C18A-47F2-BBBE-70297FDEBD97}.Release|Any CPU.Build.0 = Release|Any CPU
		{742E40B4-6CCF-4C9F-8CBA-198BD134F584}.Debug|Any CPU.ActiveCfg = Debug|Any CPU
		{742E40B4-6CCF-4C9F-8CBA-198BD134F584}.Debug|Any CPU.Build.0 = Debug|Any CPU
		{742E40B4-6CCF-4C9F-8CBA-198BD134F584}.Release|Any CPU.ActiveCfg = Release|Any CPU
		{742E40B4-6CCF-4C9F-8CBA-198BD134F584}.Release|Any CPU.Build.0 = Release|Any CPU
		{B6422099-26C5-47E2-B19D-24AEAC500886}.Debug|Any CPU.ActiveCfg = Debug|Any CPU
		{B6422099-26C5-47E2-B19D-24AEAC500886}.Debug|Any CPU.Build.0 = Debug|Any CPU
		{B6422099-26C5-47E2-B19D-24AEAC500886}.Release|Any CPU.ActiveCfg = Release|Any CPU
		{B6422099-26C5-47E2-B19D-24AEAC500886}.Release|Any CPU.Build.0 = Release|Any CPU
		{918650CC-567D-414C-BDCC-887A3582D3B7}.Debug|Any CPU.ActiveCfg = Debug|Any CPU
		{918650CC-567D-414C-BDCC-887A3582D3B7}.Debug|Any CPU.Build.0 = Debug|Any CPU
		{918650CC-567D-414C-BDCC-887A3582D3B7}.Release|Any CPU.ActiveCfg = Release|Any CPU
		{918650CC-567D-414C-BDCC-887A3582D3B7}.Release|Any CPU.Build.0 = Release|Any CPU
		{54793EC5-2AB0-41E6-8C70-4E6E9783B423}.Debug|Any CPU.ActiveCfg = Debug|Any CPU
		{54793EC5-2AB0-41E6-8C70-4E6E9783B423}.Debug|Any CPU.Build.0 = Debug|Any CPU
		{54793EC5-2AB0-41E6-8C70-4E6E9783B423}.Release|Any CPU.ActiveCfg = Release|Any CPU
		{54793EC5-2AB0-41E6-8C70-4E6E9783B423}.Release|Any CPU.Build.0 = Release|Any CPU
		{C084BDF9-8989-4A44-AA29-316CA8A1B891}.Debug|Any CPU.ActiveCfg = Debug|Any CPU
		{C084BDF9-8989-4A44-AA29-316CA8A1B891}.Debug|Any CPU.Build.0 = Debug|Any CPU
		{C084BDF9-8989-4A44-AA29-316CA8A1B891}.Release|Any CPU.ActiveCfg = Release|Any CPU
		{C084BDF9-8989-4A44-AA29-316CA8A1B891}.Release|Any CPU.Build.0 = Release|Any CPU
		{8F5D86C9-586B-4990-929A-68C4CB3D0DB4}.Debug|Any CPU.ActiveCfg = Debug|Any CPU
		{8F5D86C9-586B-4990-929A-68C4CB3D0DB4}.Debug|Any CPU.Build.0 = Debug|Any CPU
		{8F5D86C9-586B-4990-929A-68C4CB3D0DB4}.Release|Any CPU.ActiveCfg = Release|Any CPU
		{8F5D86C9-586B-4990-929A-68C4CB3D0DB4}.Release|Any CPU.Build.0 = Release|Any CPU
	EndGlobalSection
EndGlobal
